{
  "name": "drawgon",
  "version": "1.0.0",
  "lockfileVersion": 1,
  "requires": true,
  "dependencies": {
    "browser-split": {
      "version": "https://github.com/kamalasaurus/browser-split/tarball/master",
      "integrity": "sha512-foMS6y4DwPjtZFXakfhOdZVjCKffmYlI8E9o2Ey5jXB2BrO9NKGNbT1vXIxapyo84tv8mgYlSHIp7DAQkwJzkg=="
    },
    "canvas2svg": {
      "version": "https://github.com/kamalasaurus/canvas2svg/tarball/master",
      "integrity": "sha512-ZOJHnhdF0hBKGwLbVvWc21t6onBFJx2yhxggsuVEvLNDgBUaaJzYGpM9JHhf582c9uJzXGaxHbFqRFezb+++bQ=="
    },
    "class-list": {
      "version": "https://github.com/kamalasaurus/class-list/tarball/master",
      "integrity": "sha512-4eV2Hd227wgxJGQQodM4QZ5BBBxeJ1j48Dbv5FGyUU2SIkp4TKOI656mqsa4Rdne2Lo9dx6ClaA41HxDFhF5CA==",
      "dependencies": {
        "component-indexof": {
          "version": "https://github.com/kamalasaurus/indexof/tarball/master",
          "integrity": "sha512-AVoqD9tGjxasHbDp2DnJPaIs26MUzpBZ1HjRgjAFG0kYukZmug8tpgUFH09ioz+JNVUriE89DbCjWhCk07tM8w=="
        }
      }
    },
    "downloadjs": {
      "version": "https://github.com/kamalasaurus/download/tarball/master",
      "integrity": "sha512-HzRSdWLhSdNJe/xJqBdQUwy026Zgj484R5OYoAW2Gig3No/eR0z7dujiPli26d5fHa/DYAh3ZLGXB/cfKyP2xQ=="
    },
    "hyperscript": {
      "version": "https://github.com/kamalasaurus/hyperscript/tarball/master",
      "integrity": "sha512-ZYTpeXHlMkj8I3ZoKVKjKXQDacZGDFN8xYId3b3M70f2GhxHutrkHhqQaYMJ8zZhp31B4atMVEECvGffBTSa/w==",
      "requires": {
        "browser-split": "https://github.com/kamalasaurus/browser-split/tarball/master",
        "class-list": "https://github.com/kamalasaurus/class-list/tarball/master"
      }
    },
    "mithril": {
      "version": "https://github.com/kamalasaurus/mithril.js/tarball/next",
      "integrity": "sha512-Jxf6Juq8n3lZTjpPbUQyCNMS5pBsZz59cI+W7H+rtuhREL70IHjMM/ACaQ8mkcJQDmexGtYZsxomPibKvBbkJg=="
    },
    "pressure": {
      "version": "https://github.com/kamalasaurus/pressure/tarball/master",
      "integrity": "sha512-wnftm+G5o8kKp5iOdo5m+Jamz8Mi2NZCMfsfnCrJE7ymurYy+KHmZBMkdcNHJmhLS2x0ogXn2nnf74K+V/fuLQ=="
    }
  }
}
