{
  "name": "webdraw",
  "version": "1.0.0",
  "lockfileVersion": 1,
  "requires": true,
  "dependencies": {
    "mithril": {
      "version": "https://github.com/kamalasaurus/mithril.js/tarball/next",
      "integrity": "sha512-Jxf6Juq8n3lZTjpPbUQyCNMS5pBsZz59cI+W7H+rtuhREL70IHjMM/ACaQ8mkcJQDmexGtYZsxomPibKvBbkJg=="
    },
    "pressure": {
      "version": "https://github.com/kamalasaurus/pressure/tarball/master",
      "integrity": "sha512-LIjwi9Y5cvKmpUT/0fhm4rRSPcTocSSMjW8UhHr+OEDrhN2AhJ+xeWe4jmpq7HJu0RDBX6VGbtiB24k3t8UsOQ=="
    }
  }
}
