{
  "name": "webdraw",
  "version": "1.0.0",
  "lockfileVersion": 1,
  "requires": true,
  "dependencies": {
    "canvas2svg": {
      "version": "https://github.com/kamalasaurus/canvas2svg/tarball/master",
      "integrity": "sha512-ZOJHnhdF0hBKGwLbVvWc21t6onBFJx2yhxggsuVEvLNDgBUaaJzYGpM9JHhf582c9uJzXGaxHbFqRFezb+++bQ=="
    },
    "downloadjs": {
      "version": "https://github.com/kamalasaurus/download/tarball/master",
      "integrity": "sha512-HzRSdWLhSdNJe/xJqBdQUwy026Zgj484R5OYoAW2Gig3No/eR0z7dujiPli26d5fHa/DYAh3ZLGXB/cfKyP2xQ=="
    },
    "mithril": {
      "version": "https://github.com/kamalasaurus/mithril.js/tarball/next",
      "integrity": "sha512-Jxf6Juq8n3lZTjpPbUQyCNMS5pBsZz59cI+W7H+rtuhREL70IHjMM/ACaQ8mkcJQDmexGtYZsxomPibKvBbkJg=="
    },
    "pressure": {
      "version": "https://github.com/kamalasaurus/pressure/tarball/master",
      "integrity": "sha512-wnftm+G5o8kKp5iOdo5m+Jamz8Mi2NZCMfsfnCrJE7ymurYy+KHmZBMkdcNHJmhLS2x0ogXn2nnf74K+V/fuLQ=="
    }
  }
}
